
Microsoft Visual Studio Solution File, Format Version 12.00
# Visual Studio Version 17
VisualStudioVersion = 17.0.32014.148
MinimumVisualStudioVersion = 10.0.40219.1
Project("{FAE04EC0-301F-11D3-BF4B-00C04F79EFBC}") = "MasterChefUcac", "MasterChefUcac\MasterChefUcac.csproj", "{C81D22BF-A88D-4443-9985-9AD66EC26F70}"
EndProject
Project("{FAE04EC0-301F-11D3-BF4B-00C04F79EFBC}") = "SpriteLibrary", "SpriteLibrary\SpriteLibrary.csproj", "{FC04405B-2BC1-42CA-8410-A30F9BAF4B6C}"
EndProject
Global
	GlobalSection(SolutionConfigurationPlatforms) = preSolution
		Debug|Any CPU = Debug|Any CPU
		Release|Any CPU = Release|Any CPU
	EndGlobalSection
	GlobalSection(ProjectConfigurationPlatforms) = postSolution
		{C81D22BF-A88D-4443-9985-9AD66EC26F70}.Debug|Any CPU.ActiveCfg = Debug|Any CPU
		{C81D22BF-A88D-4443-9985-9AD66EC26F70}.Debug|Any CPU.Build.0 = Debug|Any CPU
		{C81D22BF-A88D-4443-9985-9AD66EC26F70}.Release|Any CPU.ActiveCfg = Release|Any CPU
		{C81D22BF-A88D-4443-9985-9AD66EC26F70}.Release|Any CPU.Build.0 = Release|Any CPU
		{FC04405B-2BC1-42CA-8410-A30F9BAF4B6C}.Debug|Any CPU.ActiveCfg = Debug|Any CPU
		{FC04405B-2BC1-42CA-8410-A30F9BAF4B6C}.Debug|Any CPU.Build.0 = Debug|Any CPU
		{FC04405B-2BC1-42CA-8410-A30F9BAF4B6C}.Release|Any CPU.ActiveCfg = Release|Any CPU
		{FC04405B-2BC1-42CA-8410-A30F9BAF4B6C}.Release|Any CPU.Build.0 = Release|Any CPU
	EndGlobalSection
	GlobalSection(SolutionProperties) = preSolution
		HideSolutionNode = FALSE
	EndGlobalSection
	GlobalSection(ExtensibilityGlobals) = postSolution
		SolutionGuid = {46B3B2EF-6A81-4A1F-844D-B6A299EB901A}
	EndGlobalSection
EndGlobal
